{
    "_readme": [
        "This file locks the dependencies of your project to a known state",
        "Read more about it at https://getcomposer.org/doc/01-basic-usage.md#installing-dependencies",
        "This file is @generated automatically"
    ],
    "content-hash": "ad1dad91a92fbcc7d302e0efebc6c2b3",
    "packages": [
        {
            "name": "catfan/medoo",
            "version": "v1.7.10",
            "source": {
                "type": "git",
                "url": "https://github.com/catfan/Medoo.git",
                "reference": "2d675f73e23f63bbaeb9a8aa33318659a3d3c32f"
            },
            "dist": {
                "type": "zip",
                "url": "https://api.github.com/repos/catfan/Medoo/zipball/2d675f73e23f63bbaeb9a8aa33318659a3d3c32f",
                "reference": "2d675f73e23f63bbaeb9a8aa33318659a3d3c32f",
                "shasum": ""
            },
            "require": {
                "ext-pdo": "*",
                "php": ">=5.4"
            },
            "suggest": {
                "ext-pdo_dblib": "For MSSQL or Sybase database on Linux/UNIX platform",
                "ext-pdo_mysql": "For MySQL or MariaDB database",
                "ext-pdo_oci": "For Oracle database",
                "ext-pdo_oci8": "For Oracle version 8 database",
                "ext-pdo_pqsql": "For PostgreSQL database",
                "ext-pdo_sqlite": "For SQLite database",
                "ext-pdo_sqlsrv": "For MSSQL database on both Window/Liunx platform"
            },
            "type": "framework",
            "autoload": {
                "psr-4": {
                    "Medoo\\": "/src"
                }
            },
            "notification-url": "https://packagist.org/downloads/",
            "license": [
                "MIT"
            ],
            "authors": [
                {
                    "name": "Angel Lai",
                    "email": "angel@catfan.me"
                }
            ],
            "description": "The lightweight PHP database framework to accelerate development",
            "homepage": "https://medoo.in",
            "keywords": [
                "database",
                "database library",
                "lightweight",
                "mariadb",
                "mssql",
                "mysql",
                "oracle",
                "php framework",
                "postgresql",
                "sql",
                "sqlite"
            ],
            "time": "2020-02-11T08:20:42+00:00"
        },
        {
            "name": "eftec/bladeone",
            "version": "3.46.1",
            "source": {
                "type": "git",
                "url": "https://github.com/EFTEC/BladeOne.git",
                "reference": "67ba5523e7e363a30cdf491f77d0645a3624273f"
            },
            "dist": {
                "type": "zip",
                "url": "https://api.github.com/repos/EFTEC/BladeOne/zipball/67ba5523e7e363a30cdf491f77d0645a3624273f",
                "reference": "67ba5523e7e363a30cdf491f77d0645a3624273f",
                "shasum": ""
            },
            "require": {
                "ext-json": "*",
                "php": ">=5.6"
            },
            "require-dev": {
                "friendsofphp/php-cs-fixer": "^2.16.1",
                "phpunit/phpunit": "^5.7",
                "squizlabs/php_codesniffer": "^3.5.4"
            },
            "suggest": {
                "eftec/bladeonehtml": "Extension to create forms",
                "ext-mbstring": "This extension is used if it's active"
            },
            "type": "library",
            "autoload": {
                "psr-4": {
                    "eftec\\bladeone\\": "lib/"
                }
            },
            "notification-url": "https://packagist.org/downloads/",
            "license": [
                "MIT"
            ],
            "authors": [
                {
                    "name": "Jorge Patricio Castro Castillo",
                    "email": "jcastro@eftec.cl"
                }
            ],
            "description": "The standalone version Blade Template Engine from Laravel in a single php file",
            "homepage": "https://github.com/EFTEC/BladeOne",
            "keywords": [
                "blade",
                "php",
                "template",
                "templating",
                "view"
            ],
            "time": "2020-06-16T23:20:37+00:00"
        },
        {
            "name": "hightman/xunsearch",
            "version": "1.4.14",
            "source": {
                "type": "git",
                "url": "https://github.com/hightman/xs-sdk-php.git",
                "reference": "d2faba65b9b4c0c0ea6e8b2ad5bafdefcbf3db87"
            },
            "dist": {
                "type": "zip",
                "url": "https://api.github.com/repos/hightman/xs-sdk-php/zipball/d2faba65b9b4c0c0ea6e8b2ad5bafdefcbf3db87",
                "reference": "d2faba65b9b4c0c0ea6e8b2ad5bafdefcbf3db87",
                "shasum": ""
            },
            "require": {
                "ext-mbstring": "*",
                "lib-pcre": "*",
                "php": ">=5.3.0"
            },
            "bin": [
                "util/xs"
            ],
            "type": "library",
            "extra": {
                "branch-alias": {
                    "dev-master": "1.4.x-dev"
                }
            },
            "autoload": {
                "classmap": [
                    "lib/",
                    "wrapper/yii-ext/"
                ],
                "psr-4": {
                    "hightman\\xunsearch\\": "wrapper/yii2-ext/"
                }
            },
            "notification-url": "https://packagist.org/downloads/",
            "license": [
                "GPL-2.0+"
            ],
            "authors": [
                {
                    "name": "hightman",
                    "email": "hightman@twomice.net",
                    "role": "Founder and project leader"
                }
            ],
            "description": "xunsearch php sdk, include yii, yii2 supports",
            "homepage": "http://www.xunsearch.com/",
            "keywords": [
                "search engine",
                "xunsearch",
                "yii",
                "yii2"
            ],
            "time": "2019-11-01T02:17:32+00:00"
        },
        {
            "name": "inhere/php-validate",
            "version": "v2.8.1",
            "source": {
                "type": "git",
                "url": "https://github.com/inhere/php-validate.git",
                "reference": "3749f60dffaaaeb288bf256d096af9bd41ddd975"
            },
            "dist": {
                "type": "zip",
                "url": "https://api.github.com/repos/inhere/php-validate/zipball/3749f60dffaaaeb288bf256d096af9bd41ddd975",
                "reference": "3749f60dffaaaeb288bf256d096af9bd41ddd975",
                "shasum": ""
            },
            "require": {
                "php": ">7.1.0"
            },
            "require-dev": {
                "phpunit/phpunit": "^7.5"
            },
            "type": "library",
            "autoload": {
                "psr-4": {
                    "Inhere\\Validate\\": "src/"
                }
            },
            "notification-url": "https://packagist.org/downloads/",
            "license": [
                "MIT"
            ],
            "authors": [
                {
                    "name": "inhere",
                    "email": "in.798@qq.com",
                    "homepage": "http://www.yzone.net/"
                }
            ],
            "description": "an simple validate, filter library of the php",
            "homepage": "https://github.com/inhere/php-validate",
            "keywords": [
                "form-validate",
                "library",
                "php-library",
                "validate",
                "validation"
            ],
            "time": "2020-06-25T02:17:50+00:00"
        },
        {
            "name": "inhere/sroute",
            "version": "v3.0.4",
            "source": {
                "type": "git",
                "url": "https://github.com/inhere/php-srouter.git",
                "reference": "b935185ccae3223f35f12faa9c5fad2a6c3211f8"
            },
            "dist": {
                "type": "zip",
                "url": "https://api.github.com/repos/inhere/php-srouter/zipball/b935185ccae3223f35f12faa9c5fad2a6c3211f8",
                "reference": "b935185ccae3223f35f12faa9c5fad2a6c3211f8",
                "shasum": ""
            },
            "require": {
                "php": ">7.1.0"
            },
            "require-dev": {
                "phpunit/phpunit": "^7.5"
            },
            "suggest": {
                "inhere/simple-print-tool": "Very lightweight data printing tools"
            },
            "type": "library",
            "autoload": {
                "psr-4": {
                    "Inhere\\Route\\": "src/"
                },
                "files": [
                    "src/Helper/functions.php"
                ]
            },
            "notification-url": "https://packagist.org/downloads/",
            "license": [
                "MIT"
            ],
            "authors": [
                {
                    "name": "inhere",
                    "email": "in.798@qq.com",
                    "homepage": "http://www.yzone.net/"
                }
            ],
            "description": "a very lightweight and fasted request router.",
            "homepage": "https://github.com/inhere/php-srouter",
            "keywords": [
                "library",
                "php-router",
                "route",
                "router"
            ],
            "time": "2020-05-17T02:30:04+00:00"
        },
        {
            "name": "phpmailer/phpmailer",
            "version": "v6.5.0",
            "source": {
                "type": "git",
                "url": "https://github.com/PHPMailer/PHPMailer.git",
                "reference": "a5b5c43e50b7fba655f793ad27303cd74c57363c"
            },
            "dist": {
                "type": "zip",
                "url": "https://api.github.com/repos/PHPMailer/PHPMailer/zipball/a5b5c43e50b7fba655f793ad27303cd74c57363c",
                "reference": "a5b5c43e50b7fba655f793ad27303cd74c57363c",
                "shasum": ""
            },
            "require": {
                "ext-ctype": "*",
                "ext-filter": "*",
                "ext-hash": "*",
                "php": ">=5.5.0"
            },
            "require-dev": {
                "dealerdirect/phpcodesniffer-composer-installer": "^0.7.0",
                "doctrine/annotations": "^1.2",
                "phpcompatibility/php-compatibility": "^9.3.5",
                "roave/security-advisories": "dev-latest",
                "squizlabs/php_codesniffer": "^3.5.6",
                "yoast/phpunit-polyfills": "^0.2.0"
            },
            "suggest": {
                "ext-mbstring": "Needed to send email in multibyte encoding charset or decode encoded addresses",
                "hayageek/oauth2-yahoo": "Needed for Yahoo XOAUTH2 authentication",
                "league/oauth2-google": "Needed for Google XOAUTH2 authentication",
                "psr/log": "For optional PSR-3 debug logging",
                "stevenmaguire/oauth2-microsoft": "Needed for Microsoft XOAUTH2 authentication",
                "symfony/polyfill-mbstring": "To support UTF-8 if the Mbstring PHP extension is not enabled (^1.2)"
            },
            "type": "library",
            "autoload": {
                "psr-4": {
                    "PHPMailer\\PHPMailer\\": "src/"
                }
            },
            "notification-url": "https://packagist.org/downloads/",
            "license": [
                "LGPL-2.1-only"
            ],
            "authors": [
                {
                    "name": "Marcus Bointon",
                    "email": "phpmailer@synchromedia.co.uk"
                },
                {
                    "name": "Jim Jagielski",
                    "email": "jimjag@gmail.com"
                },
                {
                    "name": "Andy Prevost",
                    "email": "codeworxtech@users.sourceforge.net"
                },
                {
                    "name": "Brent R. Matzelle"
                }
            ],
            "description": "PHPMailer is a full-featured email creation and transfer class for PHP",
            "funding": [
                {
                    "url": "https://github.com/Synchro",
                    "type": "github"
                }
            ],
            "time": "2021-06-16T14:33:43+00:00"
        }
    ],
    "packages-dev": [],
    "aliases": [],
    "minimum-stability": "stable",
    "stability-flags": [],
    "prefer-stable": false,
    "prefer-lowest": false,
    "platform": [],
    "platform-dev": [],
    "plugin-api-version": "1.1.0"
}
